
Microsoft Visual Studio Solution File, Format Version 12.00
# Visual Studio 15
VisualStudioVersion = 15.0.27130.2027
MinimumVisualStudioVersion = 10.0.40219.1
Project("{FAE04EC0-301F-11D3-BF4B-00C04F79EFBC}") = "WebApplication1", "WebApplication1\WebApplication1.csproj", "{ECD4CBCA-94A6-43AF-99FD-DBE3BF6941DC}"
EndProject
Global
	GlobalSection(SolutionConfigurationPlatforms) = preSolution
		Debug|Any CPU = Debug|Any CPU
		Release|Any CPU = Release|Any CPU
	EndGlobalSection
	GlobalSection(ProjectConfigurationPlatforms) = postSolution
		{ECD4CBCA-94A6-43AF-99FD-DBE3BF6941DC}.Debug|Any CPU.ActiveCfg = Debug|Any CPU
		{ECD4CBCA-94A6-43AF-99FD-DBE3BF6941DC}.Debug|Any CPU.Build.0 = Debug|Any CPU
		{ECD4CBCA-94A6-43AF-99FD-DBE3BF6941DC}.Release|Any CPU.ActiveCfg = Release|Any CPU
		{ECD4CBCA-94A6-43AF-99FD-DBE3BF6941DC}.Release|Any CPU.Build.0 = Release|Any CPU
	EndGlobalSection
	GlobalSection(SolutionProperties) = preSolution
		HideSolutionNode = FALSE
	EndGlobalSection
	GlobalSection(ExtensibilityGlobals) = postSolution
		SolutionGuid = {FB3203E3-99EC-4AC4-8F25-A6B61060A6E6}
	EndGlobalSection
EndGlobal
